{
  "name": "balatro-genie",
  "version": "1.0.0",
  "lockfileVersion": 3,
  "requires": true,
  "packages": {
    "": {
      "name": "balatro-genie",
      "version": "1.0.0",
      "dependencies": {
        "motely-wasm": "25.0.3"
      }
    },
    "node_modules/motely-wasm": {
      "version": "25.0.3",
      "resolved": "https://registry.npmjs.org/motely-wasm/-/motely-wasm-25.0.3.tgz",
      "integrity": "sha512-CIeWcT7lAn7ACNIsxche3+ycuwlP81cZKBSU9QwVXbE1/DNpINk9NFw1WIeA5fO1xrmeiUx82BPNLaOIv68SgQ==",
      "license": "MIT",
      "peerDependencies": {
        "@rewaffle/bootsharp-file-system": "*"
      },
      "peerDependenciesMeta": {
        "@rewaffle/bootsharp-file-system": {
          "optional": true
        }
      }
    }
  }
}
